{
  "version": 4,
  "terraform_version": "1.0.2",
  "serial": 23,
  "lineage": "53d4a31c-1909-7fa4-1585-11c7a6257f7f",
  "outputs": {},
  "resources": [
    {
      "mode": "data",
      "type": "digitalocean_ssh_key",
      "name": "terraform",
      "provider": "provider[\"registry.terraform.io/digitalocean/digitalocean\"]",
      "instances": [
        {
          "schema_version": 0,
          "attributes": {
            "fingerprint": "7b:ad:d6:67:ab:43:9e:b4:ad:2b:24:89:98:f5:b0:47",
            "id": 33364839,
            "name": "terraform",
            "public_key": "ssh-rsa AAAAB3NzaC1yc2EAAAADAQABAAABgQC4G3d04jihpcSzwMW4OO4JmMudLv0dFQ4wz3FXNWGwIVZj+Qgki0U64NH6X3NZIbj4QoH5WCZ8jpnIPpj/QjiyjfeCyvw7PwgVafgua/l59B8CpzSDYcCnLqW99AhCxYk9ZziD8avJ4UjjjquZqgXZNaI+5e6EPKaQsDN9AE9CXu2FD3A58L1/PRpG/WUzA+QNdjc9gxUYX2OWAOD6y5a5I9kAUflsW775LDkCqh9u7tKw74FOemkjVrq59/b6WWVNm60ZeKiUuf21Or1KbSe1PlXmXCh3gXrim/uKddntKKo1iZo9KcK8NbYeIsHB9xTtLwJnJc7mE9jARBM7FY7A5i2M+ybzRq6SYfou9NuW4L8aJzjIrNdTDmHZBmvkb32SPO1ThPTKo+ODbfJACqGTXS/zWp8YRk4YJ7UA43w7BVhnME/BhmPy7hMjnPFvATP1l7xFunABdv3oLcLYCegX0WGEFmgZUbaDlhuIgS4MX3kK2jHtX7S6L0owrYAVzlE= roman@Romans-MBP-2.voda\n"
          },
          "sensitive_attributes": []
        }
      ]
    },
    {
      "mode": "managed",
      "type": "digitalocean_droplet",
      "name": "virtual-1",
      "provider": "provider[\"registry.terraform.io/digitalocean/digitalocean\"]",
      "instances": [
        {
          "status": "tainted",
          "schema_version": 1,
          "attributes": {
            "backups": false,
            "created_at": null,
            "disk": null,
            "droplet_agent": null,
            "graceful_shutdown": false,
            "id": "288956443",
            "image": "ubuntu-20-04-x64",
            "ipv4_address": null,
            "ipv4_address_private": null,
            "ipv6": false,
            "ipv6_address": null,
            "locked": null,
            "memory": null,
            "monitoring": false,
            "name": "virtual-1",
            "price_hourly": null,
            "price_monthly": null,
            "private_networking": null,
            "region": "ams3",
            "resize_disk": true,
            "size": "s-1vcpu-1gb",
            "ssh_keys": [
              "33364839"
            ],
            "status": null,
            "tags": null,
            "urn": null,
            "user_data": null,
            "vcpus": null,
            "volume_ids": [],
            "vpc_uuid": null
          },
          "sensitive_attributes": [],
          "private": "eyJzY2hlbWFfdmVyc2lvbiI6IjEifQ==",
          "dependencies": [
            "data.digitalocean_ssh_key.terraform"
          ]
        }
      ]
    }
  ]
}
